
Microsoft Visual Studio Solution File, Format Version 12.00
Project("{FAE04EC0-301F-11D3-BF4B-00C04F79EFBC}") = "FuerzaBrutaDefinitivo", "FuerzaBrutaDefinitivo\FuerzaBrutaDefinitivo.csproj", "{0331C62F-BFD2-45AE-A093-2F5AFF66689A}"
EndProject
Global
	GlobalSection(SolutionConfigurationPlatforms) = preSolution
		Debug|Any CPU = Debug|Any CPU
		Release|Any CPU = Release|Any CPU
	EndGlobalSection
	GlobalSection(ProjectConfigurationPlatforms) = postSolution
		{0331C62F-BFD2-45AE-A093-2F5AFF66689A}.Debug|Any CPU.ActiveCfg = Debug|Any CPU
		{0331C62F-BFD2-45AE-A093-2F5AFF66689A}.Debug|Any CPU.Build.0 = Debug|Any CPU
		{0331C62F-BFD2-45AE-A093-2F5AFF66689A}.Release|Any CPU.ActiveCfg = Release|Any CPU
		{0331C62F-BFD2-45AE-A093-2F5AFF66689A}.Release|Any CPU.Build.0 = Release|Any CPU
	EndGlobalSection
EndGlobal
